
Microsoft Visual Studio Solution File, Format Version 12.00
# Visual Studio 15
VisualStudioVersion = 15.0.28307.136
MinimumVisualStudioVersion = 10.0.40219.1
Project("{FAE04EC0-301F-11D3-BF4B-00C04F79EFBC}") = "13.10.2019", "13.10.2019\13.10.2019.csproj", "{083E5AB1-C202-45C6-9F9C-DACC5018C512}"
EndProject
Global
	GlobalSection(SolutionConfigurationPlatforms) = preSolution
		Debug|Any CPU = Debug|Any CPU
		Release|Any CPU = Release|Any CPU
	EndGlobalSection
	GlobalSection(ProjectConfigurationPlatforms) = postSolution
		{083E5AB1-C202-45C6-9F9C-DACC5018C512}.Debug|Any CPU.ActiveCfg = Debug|Any CPU
		{083E5AB1-C202-45C6-9F9C-DACC5018C512}.Debug|Any CPU.Build.0 = Debug|Any CPU
		{083E5AB1-C202-45C6-9F9C-DACC5018C512}.Release|Any CPU.ActiveCfg = Release|Any CPU
		{083E5AB1-C202-45C6-9F9C-DACC5018C512}.Release|Any CPU.Build.0 = Release|Any CPU
	EndGlobalSection
	GlobalSection(SolutionProperties) = preSolution
		HideSolutionNode = FALSE
	EndGlobalSection
	GlobalSection(ExtensibilityGlobals) = postSolution
		SolutionGuid = {C0DE50C6-379C-4BB7-9203-BC813D3C558A}
	EndGlobalSection
EndGlobal
