
Microsoft Visual Studio Solution File, Format Version 12.00
# Visual Studio 15
VisualStudioVersion = 15.0.28307.136
MinimumVisualStudioVersion = 10.0.40219.1
Project("{FAE04EC0-301F-11D3-BF4B-00C04F79EFBC}") = "19.09.2019", "19.09.2019\19.09.2019.csproj", "{5226EAC8-F069-4547-91A2-0EAFE2F03854}"
EndProject
Global
	GlobalSection(SolutionConfigurationPlatforms) = preSolution
		Debug|Any CPU = Debug|Any CPU
		Release|Any CPU = Release|Any CPU
	EndGlobalSection
	GlobalSection(ProjectConfigurationPlatforms) = postSolution
		{5226EAC8-F069-4547-91A2-0EAFE2F03854}.Debug|Any CPU.ActiveCfg = Debug|Any CPU
		{5226EAC8-F069-4547-91A2-0EAFE2F03854}.Debug|Any CPU.Build.0 = Debug|Any CPU
		{5226EAC8-F069-4547-91A2-0EAFE2F03854}.Release|Any CPU.ActiveCfg = Release|Any CPU
		{5226EAC8-F069-4547-91A2-0EAFE2F03854}.Release|Any CPU.Build.0 = Release|Any CPU
	EndGlobalSection
	GlobalSection(SolutionProperties) = preSolution
		HideSolutionNode = FALSE
	EndGlobalSection
	GlobalSection(ExtensibilityGlobals) = postSolution
		SolutionGuid = {3E65BB8F-5D0B-40F4-9F33-70CC0F8ECA79}
	EndGlobalSection
EndGlobal
