
Microsoft Visual Studio Solution File, Format Version 12.00
# Visual Studio 15
VisualStudioVersion = 15.0.28307.136
MinimumVisualStudioVersion = 10.0.40219.1
Project("{FAE04EC0-301F-11D3-BF4B-00C04F79EFBC}") = "03.10.2019", "03.10.2019\03.10.2019.csproj", "{6FA8B97C-04B0-472C-B714-C186A62EA2E3}"
EndProject
Global
	GlobalSection(SolutionConfigurationPlatforms) = preSolution
		Debug|Any CPU = Debug|Any CPU
		Release|Any CPU = Release|Any CPU
	EndGlobalSection
	GlobalSection(ProjectConfigurationPlatforms) = postSolution
		{6FA8B97C-04B0-472C-B714-C186A62EA2E3}.Debug|Any CPU.ActiveCfg = Debug|Any CPU
		{6FA8B97C-04B0-472C-B714-C186A62EA2E3}.Debug|Any CPU.Build.0 = Debug|Any CPU
		{6FA8B97C-04B0-472C-B714-C186A62EA2E3}.Release|Any CPU.ActiveCfg = Release|Any CPU
		{6FA8B97C-04B0-472C-B714-C186A62EA2E3}.Release|Any CPU.Build.0 = Release|Any CPU
	EndGlobalSection
	GlobalSection(SolutionProperties) = preSolution
		HideSolutionNode = FALSE
	EndGlobalSection
	GlobalSection(ExtensibilityGlobals) = postSolution
		SolutionGuid = {A23AAB56-7E4E-4375-96A6-6BAFF6583992}
	EndGlobalSection
EndGlobal
